
Microsoft Visual Studio Solution File, Format Version 12.00
# Visual Studio 15
VisualStudioVersion = 15.0.28307.757
MinimumVisualStudioVersion = 10.0.40219.1
Project("{FAE04EC0-301F-11D3-BF4B-00C04F79EFBC}") = "Test.Orleans", "Test.Orleans\Test.Orleans.csproj", "{70CF138E-525B-4C74-AC4B-4F0B32D82D84}"
EndProject
Global
	GlobalSection(SolutionConfigurationPlatforms) = preSolution
		Debug|Any CPU = Debug|Any CPU
		Release|Any CPU = Release|Any CPU
	EndGlobalSection
	GlobalSection(ProjectConfigurationPlatforms) = postSolution
		{70CF138E-525B-4C74-AC4B-4F0B32D82D84}.Debug|Any CPU.ActiveCfg = Debug|Any CPU
		{70CF138E-525B-4C74-AC4B-4F0B32D82D84}.Debug|Any CPU.Build.0 = Debug|Any CPU
		{70CF138E-525B-4C74-AC4B-4F0B32D82D84}.Release|Any CPU.ActiveCfg = Release|Any CPU
		{70CF138E-525B-4C74-AC4B-4F0B32D82D84}.Release|Any CPU.Build.0 = Release|Any CPU
	EndGlobalSection
	GlobalSection(SolutionProperties) = preSolution
		HideSolutionNode = FALSE
	EndGlobalSection
	GlobalSection(ExtensibilityGlobals) = postSolution
		SolutionGuid = {18AB935A-46C9-4087-BAA7-8E21D0598FD0}
	EndGlobalSection
EndGlobal
